
Microsoft Visual Studio Solution File, Format Version 12.00
# Visual Studio Version 17
VisualStudioVersion = 17.9.34723.18
MinimumVisualStudioVersion = 10.0.40219.1
Project("{FAE04EC0-301F-11D3-BF4B-00C04F79EFBC}") = "Week14OP", "Week14OP\Week14OP.csproj", "{1E6E6AC1-2DD8-4AC4-8330-867553E4DCE7}"
EndProject
Global
	GlobalSection(SolutionConfigurationPlatforms) = preSolution
		Debug|Any CPU = Debug|Any CPU
		Release|Any CPU = Release|Any CPU
	EndGlobalSection
	GlobalSection(ProjectConfigurationPlatforms) = postSolution
		{1E6E6AC1-2DD8-4AC4-8330-867553E4DCE7}.Debug|Any CPU.ActiveCfg = Debug|Any CPU
		{1E6E6AC1-2DD8-4AC4-8330-867553E4DCE7}.Debug|Any CPU.Build.0 = Debug|Any CPU
		{1E6E6AC1-2DD8-4AC4-8330-867553E4DCE7}.Release|Any CPU.ActiveCfg = Release|Any CPU
		{1E6E6AC1-2DD8-4AC4-8330-867553E4DCE7}.Release|Any CPU.Build.0 = Release|Any CPU
	EndGlobalSection
	GlobalSection(SolutionProperties) = preSolution
		HideSolutionNode = FALSE
	EndGlobalSection
	GlobalSection(ExtensibilityGlobals) = postSolution
		SolutionGuid = {FF43116E-2566-4B00-8AB5-F7F5770FAF78}
	EndGlobalSection
EndGlobal
